
Microsoft Visual Studio Solution File, Format Version 12.00
# Visual Studio Version 17
VisualStudioVersion = 17.5.33414.496
MinimumVisualStudioVersion = 10.0.40219.1
Project("{FAE04EC0-301F-11D3-BF4B-00C04F79EFBC}") = "Manipulando_Aquivos", "Manipulando_Aquivos\Manipulando_Aquivos.csproj", "{722C9B39-2226-4D55-ACC8-94CC929E348E}"
EndProject
Global
	GlobalSection(SolutionConfigurationPlatforms) = preSolution
		Debug|Any CPU = Debug|Any CPU
		Release|Any CPU = Release|Any CPU
	EndGlobalSection
	GlobalSection(ProjectConfigurationPlatforms) = postSolution
		{722C9B39-2226-4D55-ACC8-94CC929E348E}.Debug|Any CPU.ActiveCfg = Debug|Any CPU
		{722C9B39-2226-4D55-ACC8-94CC929E348E}.Debug|Any CPU.Build.0 = Debug|Any CPU
		{722C9B39-2226-4D55-ACC8-94CC929E348E}.Release|Any CPU.ActiveCfg = Release|Any CPU
		{722C9B39-2226-4D55-ACC8-94CC929E348E}.Release|Any CPU.Build.0 = Release|Any CPU
	EndGlobalSection
	GlobalSection(SolutionProperties) = preSolution
		HideSolutionNode = FALSE
	EndGlobalSection
	GlobalSection(ExtensibilityGlobals) = postSolution
		SolutionGuid = {7A125D32-11FE-4F3B-A2CF-DCD299CBB5CB}
	EndGlobalSection
EndGlobal
